
Microsoft Visual Studio Solution File, Format Version 12.00
# Visual Studio 15
VisualStudioVersion = 15.0.28010.2046
MinimumVisualStudioVersion = 10.0.40219.1
Project("{FAE04EC0-301F-11D3-BF4B-00C04F79EFBC}") = "Dragon_For_Honor", "Dragon_For_Honor\Dragon_For_Honor.csproj", "{CE041D40-9F14-4DBF-9A46-0B309560719D}"
EndProject
Global
	GlobalSection(SolutionConfigurationPlatforms) = preSolution
		Debug|Any CPU = Debug|Any CPU
		Release|Any CPU = Release|Any CPU
	EndGlobalSection
	GlobalSection(ProjectConfigurationPlatforms) = postSolution
		{CE041D40-9F14-4DBF-9A46-0B309560719D}.Debug|Any CPU.ActiveCfg = Debug|Any CPU
		{CE041D40-9F14-4DBF-9A46-0B309560719D}.Debug|Any CPU.Build.0 = Debug|Any CPU
		{CE041D40-9F14-4DBF-9A46-0B309560719D}.Release|Any CPU.ActiveCfg = Release|Any CPU
		{CE041D40-9F14-4DBF-9A46-0B309560719D}.Release|Any CPU.Build.0 = Release|Any CPU
	EndGlobalSection
	GlobalSection(SolutionProperties) = preSolution
		HideSolutionNode = FALSE
	EndGlobalSection
	GlobalSection(ExtensibilityGlobals) = postSolution
		SolutionGuid = {AC6BA851-BC6B-446B-A5D2-5D1CA6DBDA85}
	EndGlobalSection
EndGlobal
